// !$*UTF8*$!
{
	archiveVersion = 1;
	classes = {
	};
	objectVersion = 45;
	objects = {

/* Begin PBXBuildFile section */
		1D3623260D0F684500981E51 /* TrackerPadAppDelegate.m in Sources */ = {isa = PBXBuildFile; fileRef = 1D3623250D0F684500981E51 /* TrackerPadAppDelegate.m */; };
		1D60589B0D05DD56006BFB54 /* main.m in Sources */ = {isa = PBXBuildFile; fileRef = 29B97316FDCFA39411CA2CEA /* main.m */; };
		1D60589F0D05DD5A006BFB54 /* Foundation.framework in Frameworks */ = {isa = PBXBuildFile; fileRef = 1D30AB110D05D00D00671497 /* Foundation.framework */; };
		1DF5F4E00D08C38300B7A737 /* UIKit.framework in Frameworks */ = {isa = PBXBuildFile; fileRef = 1DF5F4DF0D08C38300B7A737 /* UIKit.framework */; };
		288765A50DF7441C002DB57D /* CoreGraphics.framework in Frameworks */ = {isa = PBXBuildFile; fileRef = 288765A40DF7441C002DB57D /* CoreGraphics.framework */; };
		2899E5220DE3E06400AC0155 /* TrackerPadViewController.xib in Resources */ = {isa = PBXBuildFile; fileRef = 2899E5210DE3E06400AC0155 /* TrackerPadViewController.xib */; };
		28AD733F0D9D9553002E5188 /* MainWindow.xib in Resources */ = {isa = PBXBuildFile; fileRef = 28AD733E0D9D9553002E5188 /* MainWindow.xib */; };
		28D7ACF80DDB3853001CB0EB /* TrackerPadViewController.m in Sources */ = {isa = PBXBuildFile; fileRef = 28D7ACF70DDB3853001CB0EB /* TrackerPadViewController.m */; };
		29820186115E53DA001D4CC2 /* NSDataAdditions.m in Sources */ = {isa = PBXBuildFile; fileRef = 29820183115E53DA001D4CC2 /* NSDataAdditions.m */; };
		29820187115E53DA001D4CC2 /* TBXML.m in Sources */ = {isa = PBXBuildFile; fileRef = 29820185115E53DA001D4CC2 /* TBXML.m */; };
		29820196115E53F6001D4CC2 /* TrackerPadAppDelegate.m in Sources */ = {isa = PBXBuildFile; fileRef = 1D3623250D0F684500981E51 /* TrackerPadAppDelegate.m */; };
		29820197115E53F6001D4CC2 /* TrackerPadViewController.m in Sources */ = {isa = PBXBuildFile; fileRef = 28D7ACF70DDB3853001CB0EB /* TrackerPadViewController.m */; };
		298201B1115E54CD001D4CC2 /* libz.dylib in Frameworks */ = {isa = PBXBuildFile; fileRef = 298201B0115E54CD001D4CC2 /* libz.dylib */; };
		29820201115E54DB001D4CC2 /* libz.dylib in Frameworks */ = {isa = PBXBuildFile; fileRef = 298201B0115E54CD001D4CC2 /* libz.dylib */; };
		29820215115E552A001D4CC2 /* AuthenticationTests.m in Sources */ = {isa = PBXBuildFile; fileRef = 29820214115E552A001D4CC2 /* AuthenticationTests.m */; };
		29820218115E5537001D4CC2 /* NSDataAdditions.m in Sources */ = {isa = PBXBuildFile; fileRef = 29820183115E53DA001D4CC2 /* NSDataAdditions.m */; };
		29820219115E5537001D4CC2 /* TBXML.m in Sources */ = {isa = PBXBuildFile; fileRef = 29820185115E53DA001D4CC2 /* TBXML.m */; };
		2990AC01115F753D005DF543 /* Tracker.m in Sources */ = {isa = PBXBuildFile; fileRef = 2990AC00115F753D005DF543 /* Tracker.m */; };
		2990AC02115F753D005DF543 /* Tracker.m in Sources */ = {isa = PBXBuildFile; fileRef = 2990AC00115F753D005DF543 /* Tracker.m */; };
		2990AC67115F7EB4005DF543 /* ProjectTests.m in Sources */ = {isa = PBXBuildFile; fileRef = 2990AC66115F7EB4005DF543 /* ProjectTests.m */; };
		2990AC93115F805C005DF543 /* TrackerPadTest.m in Sources */ = {isa = PBXBuildFile; fileRef = 2990AC92115F805C005DF543 /* TrackerPadTest.m */; };
		29F98F00115F905C0072EBB9 /* TrackerProject.m in Sources */ = {isa = PBXBuildFile; fileRef = 29F98EFF115F905C0072EBB9 /* TrackerProject.m */; };
		29F98F01115F905C0072EBB9 /* TrackerProject.m in Sources */ = {isa = PBXBuildFile; fileRef = 29F98EFF115F905C0072EBB9 /* TrackerProject.m */; };
		29F98F66115F957C0072EBB9 /* projects.xml in Resources */ = {isa = PBXBuildFile; fileRef = 29F98F64115F957C0072EBB9 /* projects.xml */; };
		29F98F67115F957C0072EBB9 /* token.xml in Resources */ = {isa = PBXBuildFile; fileRef = 29F98F65115F957C0072EBB9 /* token.xml */; };
		29F98F68115F957C0072EBB9 /* projects.xml in Resources */ = {isa = PBXBuildFile; fileRef = 29F98F64115F957C0072EBB9 /* projects.xml */; };
		29F98F69115F957C0072EBB9 /* token.xml in Resources */ = {isa = PBXBuildFile; fileRef = 29F98F65115F957C0072EBB9 /* token.xml */; };
		29F98F7C115F98E90072EBB9 /* StoryTests.m in Sources */ = {isa = PBXBuildFile; fileRef = 29F98F7B115F98E90072EBB9 /* StoryTests.m */; };
		29F98F83115F99860072EBB9 /* TrackerStory.m in Sources */ = {isa = PBXBuildFile; fileRef = 29F98F82115F99860072EBB9 /* TrackerStory.m */; };
		29F98FB5115FA2080072EBB9 /* TrackerStory.m in Sources */ = {isa = PBXBuildFile; fileRef = 29F98F82115F99860072EBB9 /* TrackerStory.m */; };
		29F98FBA115FA23A0072EBB9 /* iterations-current.xml in Resources */ = {isa = PBXBuildFile; fileRef = 29F98FB8115FA23A0072EBB9 /* iterations-current.xml */; };
		29F98FBB115FA23A0072EBB9 /* iterations.xml in Resources */ = {isa = PBXBuildFile; fileRef = 29F98FB9115FA23A0072EBB9 /* iterations.xml */; };
		29F98FCE115FC0D80072EBB9 /* Wrapper.m in Sources */ = {isa = PBXBuildFile; fileRef = 29F98FCC115FC0D80072EBB9 /* Wrapper.m */; };
		29F98FCF115FC0D80072EBB9 /* Wrapper.m in Sources */ = {isa = PBXBuildFile; fileRef = 29F98FCC115FC0D80072EBB9 /* Wrapper.m */; };
/* End PBXBuildFile section */

/* Begin PBXContainerItemProxy section */
		29F98EE7115F902B0072EBB9 /* PBXContainerItemProxy */ = {
			isa = PBXContainerItemProxy;
			containerPortal = 29B97313FDCFA39411CA2CEA /* Project object */;
			proxyType = 1;
			remoteGlobalIDString = 2982018E115E53E5001D4CC2 /* Tests */;
			remoteInfo = Tests;
		};
/* End PBXContainerItemProxy section */

/* Begin PBXFileReference section */
		1D30AB110D05D00D00671497 /* Foundation.framework */ = {isa = PBXFileReference; lastKnownFileType = wrapper.framework; name = Foundation.framework; path = System/Library/Frameworks/Foundation.framework; sourceTree = SDKROOT; };
		1D3623240D0F684500981E51 /* TrackerPadAppDelegate.h */ = {isa = PBXFileReference; fileEncoding = 4; lastKnownFileType = sourcecode.c.h; path = TrackerPadAppDelegate.h; sourceTree = "<group>"; };
		1D3623250D0F684500981E51 /* TrackerPadAppDelegate.m */ = {isa = PBXFileReference; fileEncoding = 4; lastKnownFileType = sourcecode.c.objc; path = TrackerPadAppDelegate.m; sourceTree = "<group>"; };
		1D6058910D05DD3D006BFB54 /* TrackerPad.app */ = {isa = PBXFileReference; explicitFileType = wrapper.application; includeInIndex = 0; path = TrackerPad.app; sourceTree = BUILT_PRODUCTS_DIR; };
		1DF5F4DF0D08C38300B7A737 /* UIKit.framework */ = {isa = PBXFileReference; lastKnownFileType = wrapper.framework; name = UIKit.framework; path = System/Library/Frameworks/UIKit.framework; sourceTree = SDKROOT; };
		288765A40DF7441C002DB57D /* CoreGraphics.framework */ = {isa = PBXFileReference; lastKnownFileType = wrapper.framework; name = CoreGraphics.framework; path = System/Library/Frameworks/CoreGraphics.framework; sourceTree = SDKROOT; };
		2899E5210DE3E06400AC0155 /* TrackerPadViewController.xib */ = {isa = PBXFileReference; lastKnownFileType = file.xib; path = TrackerPadViewController.xib; sourceTree = "<group>"; };
		28AD733E0D9D9553002E5188 /* MainWindow.xib */ = {isa = PBXFileReference; lastKnownFileType = file.xib; path = MainWindow.xib; sourceTree = "<group>"; };
		28D7ACF60DDB3853001CB0EB /* TrackerPadViewController.h */ = {isa = PBXFileReference; fileEncoding = 4; lastKnownFileType = sourcecode.c.h; path = TrackerPadViewController.h; sourceTree = "<group>"; };
		28D7ACF70DDB3853001CB0EB /* TrackerPadViewController.m */ = {isa = PBXFileReference; fileEncoding = 4; lastKnownFileType = sourcecode.c.objc; path = TrackerPadViewController.m; sourceTree = "<group>"; };
		29820182115E53DA001D4CC2 /* NSDataAdditions.h */ = {isa = PBXFileReference; fileEncoding = 4; lastKnownFileType = sourcecode.c.h; name = NSDataAdditions.h; path = Libraries/NSDataAdditions.h; sourceTree = "<group>"; };
		29820183115E53DA001D4CC2 /* NSDataAdditions.m */ = {isa = PBXFileReference; fileEncoding = 4; lastKnownFileType = sourcecode.c.objc; name = NSDataAdditions.m; path = Libraries/NSDataAdditions.m; sourceTree = "<group>"; };
		29820184115E53DA001D4CC2 /* TBXML.h */ = {isa = PBXFileReference; fileEncoding = 4; lastKnownFileType = sourcecode.c.h; name = TBXML.h; path = Libraries/TBXML.h; sourceTree = "<group>"; };
		29820185115E53DA001D4CC2 /* TBXML.m */ = {isa = PBXFileReference; fileEncoding = 4; lastKnownFileType = sourcecode.c.objc; name = TBXML.m; path = Libraries/TBXML.m; sourceTree = "<group>"; };
		2982018F115E53E5001D4CC2 /* Tests.octest */ = {isa = PBXFileReference; explicitFileType = wrapper.cfbundle; includeInIndex = 0; path = Tests.octest; sourceTree = BUILT_PRODUCTS_DIR; };
		29820190115E53E5001D4CC2 /* Tests-Info.plist */ = {isa = PBXFileReference; lastKnownFileType = text.plist.xml; path = "Tests-Info.plist"; sourceTree = "<group>"; };
		298201B0115E54CD001D4CC2 /* libz.dylib */ = {isa = PBXFileReference; lastKnownFileType = "compiled.mach-o.dylib"; name = libz.dylib; path = usr/lib/libz.dylib; sourceTree = SDKROOT; };
		29820213115E552A001D4CC2 /* AuthenticationTests.h */ = {isa = PBXFileReference; fileEncoding = 4; lastKnownFileType = sourcecode.c.h; name = AuthenticationTests.h; path = Tests/AuthenticationTests.h; sourceTree = "<group>"; };
		29820214115E552A001D4CC2 /* AuthenticationTests.m */ = {isa = PBXFileReference; fileEncoding = 4; lastKnownFileType = sourcecode.c.objc; name = AuthenticationTests.m; path = Tests/AuthenticationTests.m; sourceTree = "<group>"; };
		2990ABFF115F753D005DF543 /* Tracker.h */ = {isa = PBXFileReference; fileEncoding = 4; lastKnownFileType = sourcecode.c.h; path = Tracker.h; sourceTree = "<group>"; };
		2990AC00115F753D005DF543 /* Tracker.m */ = {isa = PBXFileReference; fileEncoding = 4; lastKnownFileType = sourcecode.c.objc; path = Tracker.m; sourceTree = "<group>"; };
		2990AC65115F7EB4005DF543 /* ProjectTests.h */ = {isa = PBXFileReference; fileEncoding = 4; lastKnownFileType = sourcecode.c.h; name = ProjectTests.h; path = Tests/ProjectTests.h; sourceTree = "<group>"; };
		2990AC66115F7EB4005DF543 /* ProjectTests.m */ = {isa = PBXFileReference; fileEncoding = 4; lastKnownFileType = sourcecode.c.objc; name = ProjectTests.m; path = Tests/ProjectTests.m; sourceTree = "<group>"; };
		2990AC91115F805C005DF543 /* TrackerPadTest.h */ = {isa = PBXFileReference; fileEncoding = 4; lastKnownFileType = sourcecode.c.h; name = TrackerPadTest.h; path = Tests/TrackerPadTest.h; sourceTree = "<group>"; };
		2990AC92115F805C005DF543 /* TrackerPadTest.m */ = {isa = PBXFileReference; fileEncoding = 4; lastKnownFileType = sourcecode.c.objc; name = TrackerPadTest.m; path = Tests/TrackerPadTest.m; sourceTree = "<group>"; };
		29B97316FDCFA39411CA2CEA /* main.m */ = {isa = PBXFileReference; fileEncoding = 4; lastKnownFileType = sourcecode.c.objc; path = main.m; sourceTree = "<group>"; };
		29F98EFE115F905C0072EBB9 /* TrackerProject.h */ = {isa = PBXFileReference; fileEncoding = 4; lastKnownFileType = sourcecode.c.h; path = TrackerProject.h; sourceTree = "<group>"; };
		29F98EFF115F905C0072EBB9 /* TrackerProject.m */ = {isa = PBXFileReference; fileEncoding = 4; lastKnownFileType = sourcecode.c.objc; path = TrackerProject.m; sourceTree = "<group>"; };
		29F98F64115F957C0072EBB9 /* projects.xml */ = {isa = PBXFileReference; fileEncoding = 4; lastKnownFileType = text.xml; name = projects.xml; path = Tests/projects.xml; sourceTree = "<group>"; };
		29F98F65115F957C0072EBB9 /* token.xml */ = {isa = PBXFileReference; fileEncoding = 4; lastKnownFileType = text.xml; name = token.xml; path = Tests/token.xml; sourceTree = "<group>"; };
		29F98F7A115F98E90072EBB9 /* StoryTests.h */ = {isa = PBXFileReference; fileEncoding = 4; lastKnownFileType = sourcecode.c.h; name = StoryTests.h; path = Tests/StoryTests.h; sourceTree = "<group>"; };
		29F98F7B115F98E90072EBB9 /* StoryTests.m */ = {isa = PBXFileReference; fileEncoding = 4; lastKnownFileType = sourcecode.c.objc; name = StoryTests.m; path = Tests/StoryTests.m; sourceTree = "<group>"; };
		29F98F81115F99860072EBB9 /* TrackerStory.h */ = {isa = PBXFileReference; fileEncoding = 4; lastKnownFileType = sourcecode.c.h; path = TrackerStory.h; sourceTree = "<group>"; };
		29F98F82115F99860072EBB9 /* TrackerStory.m */ = {isa = PBXFileReference; fileEncoding = 4; lastKnownFileType = sourcecode.c.objc; path = TrackerStory.m; sourceTree = "<group>"; };
		29F98FB8115FA23A0072EBB9 /* iterations-current.xml */ = {isa = PBXFileReference; fileEncoding = 4; lastKnownFileType = text.xml; name = "iterations-current.xml"; path = "Tests/iterations-current.xml"; sourceTree = "<group>"; };
		29F98FB9115FA23A0072EBB9 /* iterations.xml */ = {isa = PBXFileReference; fileEncoding = 4; lastKnownFileType = text.xml; name = iterations.xml; path = Tests/iterations.xml; sourceTree = "<group>"; };
		29F98FCB115FC0D80072EBB9 /* Wrapper.h */ = {isa = PBXFileReference; fileEncoding = 4; lastKnownFileType = sourcecode.c.h; name = Wrapper.h; path = Libraries/Wrapper.h; sourceTree = "<group>"; };
		29F98FCC115FC0D80072EBB9 /* Wrapper.m */ = {isa = PBXFileReference; fileEncoding = 4; lastKnownFileType = sourcecode.c.objc; name = Wrapper.m; path = Libraries/Wrapper.m; sourceTree = "<group>"; };
		29F98FCD115FC0D80072EBB9 /* WrapperDelegate.h */ = {isa = PBXFileReference; fileEncoding = 4; lastKnownFileType = sourcecode.c.h; name = WrapperDelegate.h; path = Libraries/WrapperDelegate.h; sourceTree = "<group>"; };
		32CA4F630368D1EE00C91783 /* TrackerPad_Prefix.pch */ = {isa = PBXFileReference; fileEncoding = 4; lastKnownFileType = sourcecode.c.h; path = TrackerPad_Prefix.pch; sourceTree = "<group>"; };
		8D1107310486CEB800E47090 /* TrackerPad-Info.plist */ = {isa = PBXFileReference; fileEncoding = 4; lastKnownFileType = text.plist.xml; path = "TrackerPad-Info.plist"; plistStructureDefinitionIdentifier = "com.apple.xcode.plist.structure-definition.iphone.info-plist"; sourceTree = "<group>"; };
/* End PBXFileReference section */

/* Begin PBXFrameworksBuildPhase section */
		1D60588F0D05DD3D006BFB54 /* Frameworks */ = {
			isa = PBXFrameworksBuildPhase;
			buildActionMask = 2147483647;
			files = (
				1D60589F0D05DD5A006BFB54 /* Foundation.framework in Frameworks */,
				1DF5F4E00D08C38300B7A737 /* UIKit.framework in Frameworks */,
				288765A50DF7441C002DB57D /* CoreGraphics.framework in Frameworks */,
				298201B1115E54CD001D4CC2 /* libz.dylib in Frameworks */,
			);
			runOnlyForDeploymentPostprocessing = 0;
		};
		2982018C115E53E5001D4CC2 /* Frameworks */ = {
			isa = PBXFrameworksBuildPhase;
			buildActionMask = 2147483647;
			files = (
				29820201115E54DB001D4CC2 /* libz.dylib in Frameworks */,
			);
			runOnlyForDeploymentPostprocessing = 0;
		};
/* End PBXFrameworksBuildPhase section */

/* Begin PBXGroup section */
		080E96DDFE201D6D7F000001 /* Classes */ = {
			isa = PBXGroup;
			children = (
				2990ABFF115F753D005DF543 /* Tracker.h */,
				2990AC00115F753D005DF543 /* Tracker.m */,
				1D3623240D0F684500981E51 /* TrackerPadAppDelegate.h */,
				1D3623250D0F684500981E51 /* TrackerPadAppDelegate.m */,
				28D7ACF60DDB3853001CB0EB /* TrackerPadViewController.h */,
				28D7ACF70DDB3853001CB0EB /* TrackerPadViewController.m */,
				29F98EFE115F905C0072EBB9 /* TrackerProject.h */,
				29F98EFF115F905C0072EBB9 /* TrackerProject.m */,
				29F98F81115F99860072EBB9 /* TrackerStory.h */,
				29F98F82115F99860072EBB9 /* TrackerStory.m */,
			);
			path = Classes;
			sourceTree = "<group>";
		};
		19C28FACFE9D520D11CA2CBB /* Products */ = {
			isa = PBXGroup;
			children = (
				1D6058910D05DD3D006BFB54 /* TrackerPad.app */,
				2982018F115E53E5001D4CC2 /* Tests.octest */,
			);
			name = Products;
			sourceTree = "<group>";
		};
		29820181115E53CC001D4CC2 /* Libraries */ = {
			isa = PBXGroup;
			children = (
				29F98FCB115FC0D80072EBB9 /* Wrapper.h */,
				29F98FCC115FC0D80072EBB9 /* Wrapper.m */,
				29F98FCD115FC0D80072EBB9 /* WrapperDelegate.h */,
				29820182115E53DA001D4CC2 /* NSDataAdditions.h */,
				29820183115E53DA001D4CC2 /* NSDataAdditions.m */,
				29820184115E53DA001D4CC2 /* TBXML.h */,
				29820185115E53DA001D4CC2 /* TBXML.m */,
			);
			name = Libraries;
			sourceTree = "<group>";
		};
		29820212115E5517001D4CC2 /* Tests */ = {
			isa = PBXGroup;
			children = (
				29F98FB8115FA23A0072EBB9 /* iterations-current.xml */,
				29F98FB9115FA23A0072EBB9 /* iterations.xml */,
				29F98F64115F957C0072EBB9 /* projects.xml */,
				29F98F65115F957C0072EBB9 /* token.xml */,
				29820213115E552A001D4CC2 /* AuthenticationTests.h */,
				29820214115E552A001D4CC2 /* AuthenticationTests.m */,
				2990AC65115F7EB4005DF543 /* ProjectTests.h */,
				2990AC66115F7EB4005DF543 /* ProjectTests.m */,
				2990AC91115F805C005DF543 /* TrackerPadTest.h */,
				2990AC92115F805C005DF543 /* TrackerPadTest.m */,
				29F98F7A115F98E90072EBB9 /* StoryTests.h */,
				29F98F7B115F98E90072EBB9 /* StoryTests.m */,
			);
			name = Tests;
			sourceTree = "<group>";
		};
		29B97314FDCFA39411CA2CEA /* CustomTemplate */ = {
			isa = PBXGroup;
			children = (
				29820212115E5517001D4CC2 /* Tests */,
				29820181115E53CC001D4CC2 /* Libraries */,
				080E96DDFE201D6D7F000001 /* Classes */,
				29B97315FDCFA39411CA2CEA /* Other Sources */,
				29B97317FDCFA39411CA2CEA /* Resources */,
				29B97323FDCFA39411CA2CEA /* Frameworks */,
				19C28FACFE9D520D11CA2CBB /* Products */,
				29820190115E53E5001D4CC2 /* Tests-Info.plist */,
				298201B0115E54CD001D4CC2 /* libz.dylib */,
			);
			name = CustomTemplate;
			sourceTree = "<group>";
		};
		29B97315FDCFA39411CA2CEA /* Other Sources */ = {
			isa = PBXGroup;
			children = (
				32CA4F630368D1EE00C91783 /* TrackerPad_Prefix.pch */,
				29B97316FDCFA39411CA2CEA /* main.m */,
			);
			name = "Other Sources";
			sourceTree = "<group>";
		};
		29B97317FDCFA39411CA2CEA /* Resources */ = {
			isa = PBXGroup;
			children = (
				8D1107310486CEB800E47090 /* TrackerPad-Info.plist */,
				28AD733E0D9D9553002E5188 /* MainWindow.xib */,
				2899E5210DE3E06400AC0155 /* TrackerPadViewController.xib */,
			);
			name = Resources;
			sourceTree = "<group>";
		};
		29B97323FDCFA39411CA2CEA /* Frameworks */ = {
			isa = PBXGroup;
			children = (
				1DF5F4DF0D08C38300B7A737 /* UIKit.framework */,
				1D30AB110D05D00D00671497 /* Foundation.framework */,
				288765A40DF7441C002DB57D /* CoreGraphics.framework */,
			);
			name = Frameworks;
			sourceTree = "<group>";
		};
/* End PBXGroup section */

/* Begin PBXNativeTarget section */
		1D6058900D05DD3D006BFB54 /* TrackerPad */ = {
			isa = PBXNativeTarget;
			buildConfigurationList = 1D6058960D05DD3E006BFB54 /* Build configuration list for PBXNativeTarget "TrackerPad" */;
			buildPhases = (
				1D60588D0D05DD3D006BFB54 /* Resources */,
				1D60588E0D05DD3D006BFB54 /* Sources */,
				1D60588F0D05DD3D006BFB54 /* Frameworks */,
			);
			buildRules = (
			);
			dependencies = (
				29F98EE8115F902B0072EBB9 /* PBXTargetDependency */,
			);
			name = TrackerPad;
			productName = TrackerPad;
			productReference = 1D6058910D05DD3D006BFB54 /* TrackerPad.app */;
			productType = "com.apple.product-type.application";
		};
		2982018E115E53E5001D4CC2 /* Tests */ = {
			isa = PBXNativeTarget;
			buildConfigurationList = 29820194115E53E6001D4CC2 /* Build configuration list for PBXNativeTarget "Tests" */;
			buildPhases = (
				2982018A115E53E5001D4CC2 /* Resources */,
				2982018B115E53E5001D4CC2 /* Sources */,
				2982018C115E53E5001D4CC2 /* Frameworks */,
				2982018D115E53E5001D4CC2 /* ShellScript */,
			);
			buildRules = (
			);
			dependencies = (
			);
			name = Tests;
			productName = Tests;
			productReference = 2982018F115E53E5001D4CC2 /* Tests.octest */;
			productType = "com.apple.product-type.bundle";
		};
/* End PBXNativeTarget section */

/* Begin PBXProject section */
		29B97313FDCFA39411CA2CEA /* Project object */ = {
			isa = PBXProject;
			buildConfigurationList = C01FCF4E08A954540054247B /* Build configuration list for PBXProject "TrackerPad" */;
			compatibilityVersion = "Xcode 3.1";
			hasScannedForEncodings = 1;
			mainGroup = 29B97314FDCFA39411CA2CEA /* CustomTemplate */;
			projectDirPath = "";
			projectRoot = "";
			targets = (
				1D6058900D05DD3D006BFB54 /* TrackerPad */,
				2982018E115E53E5001D4CC2 /* Tests */,
			);
		};
/* End PBXProject section */

/* Begin PBXResourcesBuildPhase section */
		1D60588D0D05DD3D006BFB54 /* Resources */ = {
			isa = PBXResourcesBuildPhase;
			buildActionMask = 2147483647;
			files = (
				28AD733F0D9D9553002E5188 /* MainWindow.xib in Resources */,
				2899E5220DE3E06400AC0155 /* TrackerPadViewController.xib in Resources */,
				29F98F66115F957C0072EBB9 /* projects.xml in Resources */,
				29F98F67115F957C0072EBB9 /* token.xml in Resources */,
			);
			runOnlyForDeploymentPostprocessing = 0;
		};
		2982018A115E53E5001D4CC2 /* Resources */ = {
			isa = PBXResourcesBuildPhase;
			buildActionMask = 2147483647;
			files = (
				29F98F68115F957C0072EBB9 /* projects.xml in Resources */,
				29F98F69115F957C0072EBB9 /* token.xml in Resources */,
				29F98FBA115FA23A0072EBB9 /* iterations-current.xml in Resources */,
				29F98FBB115FA23A0072EBB9 /* iterations.xml in Resources */,
			);
			runOnlyForDeploymentPostprocessing = 0;
		};
/* End PBXResourcesBuildPhase section */

/* Begin PBXShellScriptBuildPhase section */
		2982018D115E53E5001D4CC2 /* ShellScript */ = {
			isa = PBXShellScriptBuildPhase;
			buildActionMask = 2147483647;
			files = (
			);
			inputPaths = (
			);
			outputPaths = (
			);
			runOnlyForDeploymentPostprocessing = 0;
			shellPath = /bin/sh;
			shellScript = "# Run the unit tests in this test bundle.\n\"${SYSTEM_DEVELOPER_DIR}/Tools/RunUnitTests\"\n";
		};
/* End PBXShellScriptBuildPhase section */

/* Begin PBXSourcesBuildPhase section */
		1D60588E0D05DD3D006BFB54 /* Sources */ = {
			isa = PBXSourcesBuildPhase;
			buildActionMask = 2147483647;
			files = (
				1D60589B0D05DD56006BFB54 /* main.m in Sources */,
				1D3623260D0F684500981E51 /* TrackerPadAppDelegate.m in Sources */,
				28D7ACF80DDB3853001CB0EB /* TrackerPadViewController.m in Sources */,
				29820186115E53DA001D4CC2 /* NSDataAdditions.m in Sources */,
				29820187115E53DA001D4CC2 /* TBXML.m in Sources */,
				2990AC02115F753D005DF543 /* Tracker.m in Sources */,
				29F98F00115F905C0072EBB9 /* TrackerProject.m in Sources */,
				29F98FB5115FA2080072EBB9 /* TrackerStory.m in Sources */,
				29F98FCF115FC0D80072EBB9 /* Wrapper.m in Sources */,
			);
			runOnlyForDeploymentPostprocessing = 0;
		};
		2982018B115E53E5001D4CC2 /* Sources */ = {
			isa = PBXSourcesBuildPhase;
			buildActionMask = 2147483647;
			files = (
				29820218115E5537001D4CC2 /* NSDataAdditions.m in Sources */,
				29820219115E5537001D4CC2 /* TBXML.m in Sources */,
				29820196115E53F6001D4CC2 /* TrackerPadAppDelegate.m in Sources */,
				29820197115E53F6001D4CC2 /* TrackerPadViewController.m in Sources */,
				29820215115E552A001D4CC2 /* AuthenticationTests.m in Sources */,
				2990AC01115F753D005DF543 /* Tracker.m in Sources */,
				2990AC67115F7EB4005DF543 /* ProjectTests.m in Sources */,
				2990AC93115F805C005DF543 /* TrackerPadTest.m in Sources */,
				29F98F01115F905C0072EBB9 /* TrackerProject.m in Sources */,
				29F98F7C115F98E90072EBB9 /* StoryTests.m in Sources */,
				29F98F83115F99860072EBB9 /* TrackerStory.m in Sources */,
				29F98FCE115FC0D80072EBB9 /* Wrapper.m in Sources */,
			);
			runOnlyForDeploymentPostprocessing = 0;
		};
/* End PBXSourcesBuildPhase section */

/* Begin PBXTargetDependency section */
		29F98EE8115F902B0072EBB9 /* PBXTargetDependency */ = {
			isa = PBXTargetDependency;
			target = 2982018E115E53E5001D4CC2 /* Tests */;
			targetProxy = 29F98EE7115F902B0072EBB9 /* PBXContainerItemProxy */;
		};
/* End PBXTargetDependency section */

/* Begin XCBuildConfiguration section */
		1D6058940D05DD3E006BFB54 /* Debug */ = {
			isa = XCBuildConfiguration;
			buildSettings = {
				ALWAYS_SEARCH_USER_PATHS = NO;
				COPY_PHASE_STRIP = NO;
				GCC_DYNAMIC_NO_PIC = NO;
				GCC_OPTIMIZATION_LEVEL = 0;
				GCC_PRECOMPILE_PREFIX_HEADER = YES;
				GCC_PREFIX_HEADER = TrackerPad_Prefix.pch;
				INFOPLIST_FILE = "TrackerPad-Info.plist";
				PRODUCT_NAME = TrackerPad;
			};
			name = Debug;
		};
		1D6058950D05DD3E006BFB54 /* Release */ = {
			isa = XCBuildConfiguration;
			buildSettings = {
				ALWAYS_SEARCH_USER_PATHS = NO;
				COPY_PHASE_STRIP = YES;
				GCC_PRECOMPILE_PREFIX_HEADER = YES;
				GCC_PREFIX_HEADER = TrackerPad_Prefix.pch;
				INFOPLIST_FILE = "TrackerPad-Info.plist";
				PRODUCT_NAME = TrackerPad;
			};
			name = Release;
		};
		29820192115E53E6001D4CC2 /* Debug */ = {
			isa = XCBuildConfiguration;
			buildSettings = {
				ALWAYS_SEARCH_USER_PATHS = NO;
				COPY_PHASE_STRIP = NO;
				FRAMEWORK_SEARCH_PATHS = (
					"\"$(SDKROOT)/Developer/Library/Frameworks\"",
					"\"$(DEVELOPER_LIBRARY_DIR)/Frameworks\"",
				);
				GCC_DYNAMIC_NO_PIC = NO;
				GCC_ENABLE_FIX_AND_CONTINUE = NO;
				GCC_ENABLE_OBJC_EXCEPTIONS = YES;
				GCC_OPTIMIZATION_LEVEL = 0;
				INFOPLIST_FILE = "Tests-Info.plist";
				OTHER_LDFLAGS = (
					"-framework",
					Foundation,
					"-framework",
					SenTestingKit,
					"-framework",
					UIKit,
				);
				PREBINDING = NO;
				PRODUCT_NAME = Tests;
				WRAPPER_EXTENSION = octest;
			};
			name = Debug;
		};
		29820193115E53E6001D4CC2 /* Release */ = {
			isa = XCBuildConfiguration;
			buildSettings = {
				ALWAYS_SEARCH_USER_PATHS = NO;
				COPY_PHASE_STRIP = YES;
				DEBUG_INFORMATION_FORMAT = "dwarf-with-dsym";
				FRAMEWORK_SEARCH_PATHS = (
					"\"$(SDKROOT)/Developer/Library/Frameworks\"",
					"\"$(DEVELOPER_LIBRARY_DIR)/Frameworks\"",
				);
				GCC_ENABLE_FIX_AND_CONTINUE = NO;
				GCC_ENABLE_OBJC_EXCEPTIONS = YES;
				INFOPLIST_FILE = "Tests-Info.plist";
				OTHER_LDFLAGS = (
					"-framework",
					Foundation,
					"-framework",
					SenTestingKit,
					"-framework",
					UIKit,
				);
				PREBINDING = NO;
				PRODUCT_NAME = Tests;
				WRAPPER_EXTENSION = octest;
				ZERO_LINK = NO;
			};
			name = Release;
		};
		C01FCF4F08A954540054247B /* Debug */ = {
			isa = XCBuildConfiguration;
			buildSettings = {
				ARCHS = "$(ARCHS_STANDARD_32_BIT)";
				"CODE_SIGN_IDENTITY[sdk=iphoneos*]" = "iPhone Developer";
				GCC_C_LANGUAGE_STANDARD = c99;
				GCC_WARN_ABOUT_RETURN_TYPE = YES;
				GCC_WARN_UNUSED_VARIABLE = YES;
				PREBINDING = NO;
				SDKROOT = iphoneos3.1.3;
			};
			name = Debug;
		};
		C01FCF5008A954540054247B /* Release */ = {
			isa = XCBuildConfiguration;
			buildSettings = {
				ARCHS = "$(ARCHS_STANDARD_32_BIT)";
				"CODE_SIGN_IDENTITY[sdk=iphoneos*]" = "iPhone Developer";
				GCC_C_LANGUAGE_STANDARD = c99;
				GCC_WARN_ABOUT_RETURN_TYPE = YES;
				GCC_WARN_UNUSED_VARIABLE = YES;
				PREBINDING = NO;
				SDKROOT = iphoneos3.1.3;
			};
			name = Release;
		};
/* End XCBuildConfiguration section */

/* Begin XCConfigurationList section */
		1D6058960D05DD3E006BFB54 /* Build configuration list for PBXNativeTarget "TrackerPad" */ = {
			isa = XCConfigurationList;
			buildConfigurations = (
				1D6058940D05DD3E006BFB54 /* Debug */,
				1D6058950D05DD3E006BFB54 /* Release */,
			);
			defaultConfigurationIsVisible = 0;
			defaultConfigurationName = Release;
		};
		29820194115E53E6001D4CC2 /* Build configuration list for PBXNativeTarget "Tests" */ = {
			isa = XCConfigurationList;
			buildConfigurations = (
				29820192115E53E6001D4CC2 /* Debug */,
				29820193115E53E6001D4CC2 /* Release */,
			);
			defaultConfigurationIsVisible = 0;
			defaultConfigurationName = Release;
		};
		C01FCF4E08A954540054247B /* Build configuration list for PBXProject "TrackerPad" */ = {
			isa = XCConfigurationList;
			buildConfigurations = (
				C01FCF4F08A954540054247B /* Debug */,
				C01FCF5008A954540054247B /* Release */,
			);
			defaultConfigurationIsVisible = 0;
			defaultConfigurationName = Release;
		};
/* End XCConfigurationList section */
	};
	rootObject = 29B97313FDCFA39411CA2CEA /* Project object */;
}
